
Microsoft Visual Studio Solution File, Format Version 12.00
# Visual Studio Version 17
VisualStudioVersion = 17.4.33403.182
MinimumVisualStudioVersion = 10.0.40219.1
Project("{9A19103F-16F7-4668-BE54-9A1E7A4F7556}") = "Nethereum", "Nethereum\Nethereum.csproj", "{235D074A-8098-4503-9BA8-2C1E7BCCD598}"
EndProject
Global
	GlobalSection(SolutionConfigurationPlatforms) = preSolution
		Debug|Any CPU = Debug|Any CPU
		Release|Any CPU = Release|Any CPU
	EndGlobalSection
	GlobalSection(ProjectConfigurationPlatforms) = postSolution
		{235D074A-8098-4503-9BA8-2C1E7BCCD598}.Debug|Any CPU.ActiveCfg = Debug|Any CPU
		{235D074A-8098-4503-9BA8-2C1E7BCCD598}.Debug|Any CPU.Build.0 = Debug|Any CPU
		{235D074A-8098-4503-9BA8-2C1E7BCCD598}.Release|Any CPU.ActiveCfg = Release|Any CPU
		{235D074A-8098-4503-9BA8-2C1E7BCCD598}.Release|Any CPU.Build.0 = Release|Any CPU
	EndGlobalSection
	GlobalSection(SolutionProperties) = preSolution
		HideSolutionNode = FALSE
	EndGlobalSection
	GlobalSection(ExtensibilityGlobals) = postSolution
		SolutionGuid = {787ABB13-2F35-4CC5-A34C-8AF758853849}
	EndGlobalSection
EndGlobal
